
Microsoft Visual Studio Solution File, Format Version 12.00
# Visual Studio Version 17
VisualStudioVersion = 17.10.35122.118
MinimumVisualStudioVersion = 10.0.40219.1
Project("{9A19103F-16F7-4668-BE54-9A1E7A4F7556}") = "SeminarParticipants.Api", "SeminarParticipants.Api\SeminarParticipants.Api.csproj", "{6949AB75-E45C-4BC3-A622-67AD6307CF94}"
EndProject
Project("{9A19103F-16F7-4668-BE54-9A1E7A4F7556}") = "SeminarParticipants.MVC", "SeminarParticipants.MVC\SeminarParticipants.MVC.csproj", "{24726F41-B841-41ED-8F80-365517B4BF6D}"
EndProject
Project("{E53339B2-1760-4266-BCC7-CA923CBCF16C}") = "docker-compose", "docker-compose.dcproj", "{72AD522A-D422-41E3-8022-198E7232A65E}"
EndProject
Project("{2150E333-8FDC-42A3-9474-1A3956D46DE8}") = "nginx", "nginx", "{286C029E-62F9-43A0-A7EF-59FE8CBF251F}"
	ProjectSection(SolutionItems) = preProject
		nginx\api-cert.conf = nginx\api-cert.conf
		nginx\api-cert.crt = nginx\api-cert.crt
		nginx\api-cert.key = nginx\api-cert.key
		nginx\api-cert.pfx = nginx\api-cert.pfx
		nginx\Dockerfile = nginx\Dockerfile
		nginx\mvc-cert.conf = nginx\mvc-cert.conf
		nginx\mvc-cert.crt = nginx\mvc-cert.crt
		nginx\mvc-cert.key = nginx\mvc-cert.key
		nginx\mvc-cert.pfx = nginx\mvc-cert.pfx
		nginx\nginx.conf = nginx\nginx.conf
	EndProjectSection
EndProject
Project("{2150E333-8FDC-42A3-9474-1A3956D46DE8}") = "k8s", "k8s", "{C3E57940-756C-4461-A3A8-885F79800374}"
	ProjectSection(SolutionItems) = preProject
		k8s\admin-user-cluster-role.yml = k8s\admin-user-cluster-role.yml
		k8s\admin-user.yml = k8s\admin-user.yml
		k8s\api-deployment.yaml = k8s\api-deployment.yaml
		k8s\mssql-deployment.yaml = k8s\mssql-deployment.yaml
		k8s\mvc-deployment.yaml = k8s\mvc-deployment.yaml
		k8s\namespace.yml = k8s\namespace.yml
		k8s\persistence-volumes.yml = k8s\persistence-volumes.yml
		k8s\seq-deployment.yaml = k8s\seq-deployment.yaml
	EndProjectSection
EndProject
Global
	GlobalSection(SolutionConfigurationPlatforms) = preSolution
		Debug|Any CPU = Debug|Any CPU
		Release|Any CPU = Release|Any CPU
	EndGlobalSection
	GlobalSection(ProjectConfigurationPlatforms) = postSolution
		{6949AB75-E45C-4BC3-A622-67AD6307CF94}.Debug|Any CPU.ActiveCfg = Debug|Any CPU
		{6949AB75-E45C-4BC3-A622-67AD6307CF94}.Debug|Any CPU.Build.0 = Debug|Any CPU
		{6949AB75-E45C-4BC3-A622-67AD6307CF94}.Release|Any CPU.ActiveCfg = Release|Any CPU
		{6949AB75-E45C-4BC3-A622-67AD6307CF94}.Release|Any CPU.Build.0 = Release|Any CPU
		{24726F41-B841-41ED-8F80-365517B4BF6D}.Debug|Any CPU.ActiveCfg = Debug|Any CPU
		{24726F41-B841-41ED-8F80-365517B4BF6D}.Debug|Any CPU.Build.0 = Debug|Any CPU
		{24726F41-B841-41ED-8F80-365517B4BF6D}.Release|Any CPU.ActiveCfg = Release|Any CPU
		{24726F41-B841-41ED-8F80-365517B4BF6D}.Release|Any CPU.Build.0 = Release|Any CPU
		{72AD522A-D422-41E3-8022-198E7232A65E}.Debug|Any CPU.ActiveCfg = Debug|Any CPU
		{72AD522A-D422-41E3-8022-198E7232A65E}.Debug|Any CPU.Build.0 = Debug|Any CPU
		{72AD522A-D422-41E3-8022-198E7232A65E}.Release|Any CPU.ActiveCfg = Release|Any CPU
		{72AD522A-D422-41E3-8022-198E7232A65E}.Release|Any CPU.Build.0 = Release|Any CPU
	EndGlobalSection
	GlobalSection(SolutionProperties) = preSolution
		HideSolutionNode = FALSE
	EndGlobalSection
	GlobalSection(ExtensibilityGlobals) = postSolution
		SolutionGuid = {69137CAA-37D5-48C4-9466-658D3198E1E6}
	EndGlobalSection
EndGlobal
